
Microsoft Visual Studio Solution File, Format Version 12.00
# Visual Studio Version 17
VisualStudioVersion = 17.0.31903.59
MinimumVisualStudioVersion = 10.0.40219.1
Project("{F2A71F9B-5D33-465A-A702-920D77279786}") = "App", "App\App.fsproj", "{588CDB11-9E46-4E72-BC93-7F58EA6F0BD7}"
EndProject
Project("{F2A71F9B-5D33-465A-A702-920D77279786}") = "App.UnitTests", "App.UnitTests\App.UnitTests.fsproj", "{81404630-65D1-438B-BFC8-6010425AF375}"
EndProject
Global
	GlobalSection(SolutionConfigurationPlatforms) = preSolution
		Debug|Any CPU = Debug|Any CPU
		Release|Any CPU = Release|Any CPU
	EndGlobalSection
	GlobalSection(SolutionProperties) = preSolution
		HideSolutionNode = FALSE
	EndGlobalSection
	GlobalSection(ProjectConfigurationPlatforms) = postSolution
		{588CDB11-9E46-4E72-BC93-7F58EA6F0BD7}.Debug|Any CPU.ActiveCfg = Debug|Any CPU
		{588CDB11-9E46-4E72-BC93-7F58EA6F0BD7}.Debug|Any CPU.Build.0 = Debug|Any CPU
		{588CDB11-9E46-4E72-BC93-7F58EA6F0BD7}.Release|Any CPU.ActiveCfg = Release|Any CPU
		{588CDB11-9E46-4E72-BC93-7F58EA6F0BD7}.Release|Any CPU.Build.0 = Release|Any CPU
		{81404630-65D1-438B-BFC8-6010425AF375}.Debug|Any CPU.ActiveCfg = Debug|Any CPU
		{81404630-65D1-438B-BFC8-6010425AF375}.Debug|Any CPU.Build.0 = Debug|Any CPU
		{81404630-65D1-438B-BFC8-6010425AF375}.Release|Any CPU.ActiveCfg = Release|Any CPU
		{81404630-65D1-438B-BFC8-6010425AF375}.Release|Any CPU.Build.0 = Release|Any CPU
	EndGlobalSection
EndGlobal
